// !$*UTF8*$!
{
	archiveVersion = 1;
	classes = {
	};
	objectVersion = 56;
	objects = {

/* Begin PBXBuildFile section */
		5D7009272CACCEE100149A65 /* AppDelegate.swift in Sources */ = {isa = PBXBuildFile; fileRef = 5D7009262CACCEE100149A65 /* AppDelegate.swift */; };
		5D7009292CACCEE100149A65 /* SceneDelegate.swift in Sources */ = {isa = PBXBuildFile; fileRef = 5D7009282CACCEE100149A65 /* SceneDelegate.swift */; };
		5D70092B2CACCEE100149A65 /* ViewController.swift in Sources */ = {isa = PBXBuildFile; fileRef = 5D70092A2CACCEE100149A65 /* ViewController.swift */; };
		5D70092E2CACCEE100149A65 /* Base in Resources */ = {isa = PBXBuildFile; fileRef = 5D70092D2CACCEE100149A65 /* Base */; };
		5D7009302CACCEE300149A65 /* Assets.xcassets in Resources */ = {isa = PBXBuildFile; fileRef = 5D70092F2CACCEE300149A65 /* Assets.xcassets */; };
		5D7009332CACCEE300149A65 /* Base in Resources */ = {isa = PBXBuildFile; fileRef = 5D7009322CACCEE300149A65 /* Base */; };
		5D70093E2CACCEE300149A65 /* GitHubPushDataTests.swift in Sources */ = {isa = PBXBuildFile; fileRef = 5D70093D2CACCEE300149A65 /* GitHubPushDataTests.swift */; };
		5D7009482CACCEE300149A65 /* GitHubPushDataUITests.swift in Sources */ = {isa = PBXBuildFile; fileRef = 5D7009472CACCEE300149A65 /* GitHubPushDataUITests.swift */; };
		5D70094A2CACCEE300149A65 /* GitHubPushDataUITestsLaunchTests.swift in Sources */ = {isa = PBXBuildFile; fileRef = 5D7009492CACCEE300149A65 /* GitHubPushDataUITestsLaunchTests.swift */; };
/* End PBXBuildFile section */

/* Begin PBXContainerItemProxy section */
		5D70093A2CACCEE300149A65 /* PBXContainerItemProxy */ = {
			isa = PBXContainerItemProxy;
			containerPortal = 5D70091B2CACCEE100149A65 /* Project object */;
			proxyType = 1;
			remoteGlobalIDString = 5D7009222CACCEE100149A65;
			remoteInfo = GitHubPushData;
		};
		5D7009442CACCEE300149A65 /* PBXContainerItemProxy */ = {
			isa = PBXContainerItemProxy;
			containerPortal = 5D70091B2CACCEE100149A65 /* Project object */;
			proxyType = 1;
			remoteGlobalIDString = 5D7009222CACCEE100149A65;
			remoteInfo = GitHubPushData;
		};
/* End PBXContainerItemProxy section */

/* Begin PBXFileReference section */
		5D7009232CACCEE100149A65 /* GitHubPushData.app */ = {isa = PBXFileReference; explicitFileType = wrapper.application; includeInIndex = 0; path = GitHubPushData.app; sourceTree = BUILT_PRODUCTS_DIR; };
		5D7009262CACCEE100149A65 /* AppDelegate.swift */ = {isa = PBXFileReference; lastKnownFileType = sourcecode.swift; path = AppDelegate.swift; sourceTree = "<group>"; };
		5D7009282CACCEE100149A65 /* SceneDelegate.swift */ = {isa = PBXFileReference; lastKnownFileType = sourcecode.swift; path = SceneDelegate.swift; sourceTree = "<group>"; };
		5D70092A2CACCEE100149A65 /* ViewController.swift */ = {isa = PBXFileReference; lastKnownFileType = sourcecode.swift; path = ViewController.swift; sourceTree = "<group>"; };
		5D70092D2CACCEE100149A65 /* Base */ = {isa = PBXFileReference; lastKnownFileType = file.storyboard; name = Base; path = Base.lproj/Main.storyboard; sourceTree = "<group>"; };
		5D70092F2CACCEE300149A65 /* Assets.xcassets */ = {isa = PBXFileReference; lastKnownFileType = folder.assetcatalog; path = Assets.xcassets; sourceTree = "<group>"; };
		5D7009322CACCEE300149A65 /* Base */ = {isa = PBXFileReference; lastKnownFileType = file.storyboard; name = Base; path = Base.lproj/LaunchScreen.storyboard; sourceTree = "<group>"; };
		5D7009342CACCEE300149A65 /* Info.plist */ = {isa = PBXFileReference; lastKnownFileType = text.plist.xml; path = Info.plist; sourceTree = "<group>"; };
		5D7009392CACCEE300149A65 /* GitHubPushDataTests.xctest */ = {isa = PBXFileReference; explicitFileType = wrapper.cfbundle; includeInIndex = 0; path = GitHubPushDataTests.xctest; sourceTree = BUILT_PRODUCTS_DIR; };
		5D70093D2CACCEE300149A65 /* GitHubPushDataTests.swift */ = {isa = PBXFileReference; lastKnownFileType = sourcecode.swift; path = GitHubPushDataTests.swift; sourceTree = "<group>"; };
		5D7009432CACCEE300149A65 /* GitHubPushDataUITests.xctest */ = {isa = PBXFileReference; explicitFileType = wrapper.cfbundle; includeInIndex = 0; path = GitHubPushDataUITests.xctest; sourceTree = BUILT_PRODUCTS_DIR; };
		5D7009472CACCEE300149A65 /* GitHubPushDataUITests.swift */ = {isa = PBXFileReference; lastKnownFileType = sourcecode.swift; path = GitHubPushDataUITests.swift; sourceTree = "<group>"; };
		5D7009492CACCEE300149A65 /* GitHubPushDataUITestsLaunchTests.swift */ = {isa = PBXFileReference; lastKnownFileType = sourcecode.swift; path = GitHubPushDataUITestsLaunchTests.swift; sourceTree = "<group>"; };
/* End PBXFileReference section */

/* Begin PBXFrameworksBuildPhase section */
		5D7009202CACCEE100149A65 /* Frameworks */ = {
			isa = PBXFrameworksBuildPhase;
			buildActionMask = 2147483647;
			files = (
			);
			runOnlyForDeploymentPostprocessing = 0;
		};
		5D7009362CACCEE300149A65 /* Frameworks */ = {
			isa = PBXFrameworksBuildPhase;
			buildActionMask = 2147483647;
			files = (
			);
			runOnlyForDeploymentPostprocessing = 0;
		};
		5D7009402CACCEE300149A65 /* Frameworks */ = {
			isa = PBXFrameworksBuildPhase;
			buildActionMask = 2147483647;
			files = (
			);
			runOnlyForDeploymentPostprocessing = 0;
		};
/* End PBXFrameworksBuildPhase section */

/* Begin PBXGroup section */
		5D70091A2CACCEE100149A65 = {
			isa = PBXGroup;
			children = (
				5D7009252CACCEE100149A65 /* GitHubPushData */,
				5D70093C2CACCEE300149A65 /* GitHubPushDataTests */,
				5D7009462CACCEE300149A65 /* GitHubPushDataUITests */,
				5D7009242CACCEE100149A65 /* Products */,
			);
			sourceTree = "<group>";
		};
		5D7009242CACCEE100149A65 /* Products */ = {
			isa = PBXGroup;
			children = (
				5D7009232CACCEE100149A65 /* GitHubPushData.app */,
				5D7009392CACCEE300149A65 /* GitHubPushDataTests.xctest */,
				5D7009432CACCEE300149A65 /* GitHubPushDataUITests.xctest */,
			);
			name = Products;
			sourceTree = "<group>";
		};
		5D7009252CACCEE100149A65 /* GitHubPushData */ = {
			isa = PBXGroup;
			children = (
				5D7009262CACCEE100149A65 /* AppDelegate.swift */,
				5D7009282CACCEE100149A65 /* SceneDelegate.swift */,
				5D70092A2CACCEE100149A65 /* ViewController.swift */,
				5D70092C2CACCEE100149A65 /* Main.storyboard */,
				5D70092F2CACCEE300149A65 /* Assets.xcassets */,
				5D7009312CACCEE300149A65 /* LaunchScreen.storyboard */,
				5D7009342CACCEE300149A65 /* Info.plist */,
			);
			path = GitHubPushData;
			sourceTree = "<group>";
		};
		5D70093C2CACCEE300149A65 /* GitHubPushDataTests */ = {
			isa = PBXGroup;
			children = (
				5D70093D2CACCEE300149A65 /* GitHubPushDataTests.swift */,
			);
			path = GitHubPushDataTests;
			sourceTree = "<group>";
		};
		5D7009462CACCEE300149A65 /* GitHubPushDataUITests */ = {
			isa = PBXGroup;
			children = (
				5D7009472CACCEE300149A65 /* GitHubPushDataUITests.swift */,
				5D7009492CACCEE300149A65 /* GitHubPushDataUITestsLaunchTests.swift */,
			);
			path = GitHubPushDataUITests;
			sourceTree = "<group>";
		};
/* End PBXGroup section */

/* Begin PBXNativeTarget section */
		5D7009222CACCEE100149A65 /* GitHubPushData */ = {
			isa = PBXNativeTarget;
			buildConfigurationList = 5D70094D2CACCEE300149A65 /* Build configuration list for PBXNativeTarget "GitHubPushData" */;
			buildPhases = (
				5D70091F2CACCEE100149A65 /* Sources */,
				5D7009202CACCEE100149A65 /* Frameworks */,
				5D7009212CACCEE100149A65 /* Resources */,
			);
			buildRules = (
			);
			dependencies = (
			);
			name = GitHubPushData;
			productName = GitHubPushData;
			productReference = 5D7009232CACCEE100149A65 /* GitHubPushData.app */;
			productType = "com.apple.product-type.application";
		};
		5D7009382CACCEE300149A65 /* GitHubPushDataTests */ = {
			isa = PBXNativeTarget;
			buildConfigurationList = 5D7009502CACCEE300149A65 /* Build configuration list for PBXNativeTarget "GitHubPushDataTests" */;
			buildPhases = (
				5D7009352CACCEE300149A65 /* Sources */,
				5D7009362CACCEE300149A65 /* Frameworks */,
				5D7009372CACCEE300149A65 /* Resources */,
			);
			buildRules = (
			);
			dependencies = (
				5D70093B2CACCEE300149A65 /* PBXTargetDependency */,
			);
			name = GitHubPushDataTests;
			productName = GitHubPushDataTests;
			productReference = 5D7009392CACCEE300149A65 /* GitHubPushDataTests.xctest */;
			productType = "com.apple.product-type.bundle.unit-test";
		};
		5D7009422CACCEE300149A65 /* GitHubPushDataUITests */ = {
			isa = PBXNativeTarget;
			buildConfigurationList = 5D7009532CACCEE300149A65 /* Build configuration list for PBXNativeTarget "GitHubPushDataUITests" */;
			buildPhases = (
				5D70093F2CACCEE300149A65 /* Sources */,
				5D7009402CACCEE300149A65 /* Frameworks */,
				5D7009412CACCEE300149A65 /* Resources */,
			);
			buildRules = (
			);
			dependencies = (
				5D7009452CACCEE300149A65 /* PBXTargetDependency */,
			);
			name = GitHubPushDataUITests;
			productName = GitHubPushDataUITests;
			productReference = 5D7009432CACCEE300149A65 /* GitHubPushDataUITests.xctest */;
			productType = "com.apple.product-type.bundle.ui-testing";
		};
/* End PBXNativeTarget section */

/* Begin PBXProject section */
		5D70091B2CACCEE100149A65 /* Project object */ = {
			isa = PBXProject;
			attributes = {
				BuildIndependentTargetsInParallel = 1;
				LastSwiftUpdateCheck = 1540;
				LastUpgradeCheck = 1540;
				TargetAttributes = {
					5D7009222CACCEE100149A65 = {
						CreatedOnToolsVersion = 15.4;
					};
					5D7009382CACCEE300149A65 = {
						CreatedOnToolsVersion = 15.4;
						TestTargetID = 5D7009222CACCEE100149A65;
					};
					5D7009422CACCEE300149A65 = {
						CreatedOnToolsVersion = 15.4;
						TestTargetID = 5D7009222CACCEE100149A65;
					};
				};
			};
			buildConfigurationList = 5D70091E2CACCEE100149A65 /* Build configuration list for PBXProject "GitHubPushData" */;
			compatibilityVersion = "Xcode 14.0";
			developmentRegion = en;
			hasScannedForEncodings = 0;
			knownRegions = (
				en,
				Base,
			);
			mainGroup = 5D70091A2CACCEE100149A65;
			productRefGroup = 5D7009242CACCEE100149A65 /* Products */;
			projectDirPath = "";
			projectRoot = "";
			targets = (
				5D7009222CACCEE100149A65 /* GitHubPushData */,
				5D7009382CACCEE300149A65 /* GitHubPushDataTests */,
				5D7009422CACCEE300149A65 /* GitHubPushDataUITests */,
			);
		};
/* End PBXProject section */

/* Begin PBXResourcesBuildPhase section */
		5D7009212CACCEE100149A65 /* Resources */ = {
			isa = PBXResourcesBuildPhase;
			buildActionMask = 2147483647;
			files = (
				5D7009302CACCEE300149A65 /* Assets.xcassets in Resources */,
				5D7009332CACCEE300149A65 /* Base in Resources */,
				5D70092E2CACCEE100149A65 /* Base in Resources */,
			);
			runOnlyForDeploymentPostprocessing = 0;
		};
		5D7009372CACCEE300149A65 /* Resources */ = {
			isa = PBXResourcesBuildPhase;
			buildActionMask = 2147483647;
			files = (
			);
			runOnlyForDeploymentPostprocessing = 0;
		};
		5D7009412CACCEE300149A65 /* Resources */ = {
			isa = PBXResourcesBuildPhase;
			buildActionMask = 2147483647;
			files = (
			);
			runOnlyForDeploymentPostprocessing = 0;
		};
/* End PBXResourcesBuildPhase section */

/* Begin PBXSourcesBuildPhase section */
		5D70091F2CACCEE100149A65 /* Sources */ = {
			isa = PBXSourcesBuildPhase;
			buildActionMask = 2147483647;
			files = (
				5D70092B2CACCEE100149A65 /* ViewController.swift in Sources */,
				5D7009272CACCEE100149A65 /* AppDelegate.swift in Sources */,
				5D7009292CACCEE100149A65 /* SceneDelegate.swift in Sources */,
			);
			runOnlyForDeploymentPostprocessing = 0;
		};
		5D7009352CACCEE300149A65 /* Sources */ = {
			isa = PBXSourcesBuildPhase;
			buildActionMask = 2147483647;
			files = (
				5D70093E2CACCEE300149A65 /* GitHubPushDataTests.swift in Sources */,
			);
			runOnlyForDeploymentPostprocessing = 0;
		};
		5D70093F2CACCEE300149A65 /* Sources */ = {
			isa = PBXSourcesBuildPhase;
			buildActionMask = 2147483647;
			files = (
				5D7009482CACCEE300149A65 /* GitHubPushDataUITests.swift in Sources */,
				5D70094A2CACCEE300149A65 /* GitHubPushDataUITestsLaunchTests.swift in Sources */,
			);
			runOnlyForDeploymentPostprocessing = 0;
		};
/* End PBXSourcesBuildPhase section */

/* Begin PBXTargetDependency section */
		5D70093B2CACCEE300149A65 /* PBXTargetDependency */ = {
			isa = PBXTargetDependency;
			target = 5D7009222CACCEE100149A65 /* GitHubPushData */;
			targetProxy = 5D70093A2CACCEE300149A65 /* PBXContainerItemProxy */;
		};
		5D7009452CACCEE300149A65 /* PBXTargetDependency */ = {
			isa = PBXTargetDependency;
			target = 5D7009222CACCEE100149A65 /* GitHubPushData */;
			targetProxy = 5D7009442CACCEE300149A65 /* PBXContainerItemProxy */;
		};
/* End PBXTargetDependency section */

/* Begin PBXVariantGroup section */
		5D70092C2CACCEE100149A65 /* Main.storyboard */ = {
			isa = PBXVariantGroup;
			children = (
				5D70092D2CACCEE100149A65 /* Base */,
			);
			name = Main.storyboard;
			sourceTree = "<group>";
		};
		5D7009312CACCEE300149A65 /* LaunchScreen.storyboard */ = {
			isa = PBXVariantGroup;
			children = (
				5D7009322CACCEE300149A65 /* Base */,
			);
			name = LaunchScreen.storyboard;
			sourceTree = "<group>";
		};
/* End PBXVariantGroup section */

/* Begin XCBuildConfiguration section */
		5D70094B2CACCEE300149A65 /* Debug */ = {
			isa = XCBuildConfiguration;
			buildSettings = {
				ALWAYS_SEARCH_USER_PATHS = NO;
				ASSETCATALOG_COMPILER_GENERATE_SWIFT_ASSET_SYMBOL_EXTENSIONS = YES;
				CLANG_ANALYZER_NONNULL = YES;
				CLANG_ANALYZER_NUMBER_OBJECT_CONVERSION = YES_AGGRESSIVE;
				CLANG_CXX_LANGUAGE_STANDARD = "gnu++20";
				CLANG_ENABLE_MODULES = YES;
				CLANG_ENABLE_OBJC_ARC = YES;
				CLANG_ENABLE_OBJC_WEAK = YES;
				CLANG_WARN_BLOCK_CAPTURE_AUTORELEASING = YES;
				CLANG_WARN_BOOL_CONVERSION = YES;
				CLANG_WARN_COMMA = YES;
				CLANG_WARN_CONSTANT_CONVERSION = YES;
				CLANG_WARN_DEPRECATED_OBJC_IMPLEMENTATIONS = YES;
				CLANG_WARN_DIRECT_OBJC_ISA_USAGE = YES_ERROR;
				CLANG_WARN_DOCUMENTATION_COMMENTS = YES;
				CLANG_WARN_EMPTY_BODY = YES;
				CLANG_WARN_ENUM_CONVERSION = YES;
				CLANG_WARN_INFINITE_RECURSION = YES;
				CLANG_WARN_INT_CONVERSION = YES;
				CLANG_WARN_NON_LITERAL_NULL_CONVERSION = YES;
				CLANG_WARN_OBJC_IMPLICIT_RETAIN_SELF = YES;
				CLANG_WARN_OBJC_LITERAL_CONVERSION = YES;
				CLANG_WARN_OBJC_ROOT_CLASS = YES_ERROR;
				CLANG_WARN_QUOTED_INCLUDE_IN_FRAMEWORK_HEADER = YES;
				CLANG_WARN_RANGE_LOOP_ANALYSIS = YES;
				CLANG_WARN_STRICT_PROTOTYPES = YES;
				CLANG_WARN_SUSPICIOUS_MOVE = YES;
				CLANG_WARN_UNGUARDED_AVAILABILITY = YES_AGGRESSIVE;
				CLANG_WARN_UNREACHABLE_CODE = YES;
				CLANG_WARN__DUPLICATE_METHOD_MATCH = YES;
				COPY_PHASE_STRIP = NO;
				DEBUG_INFORMATION_FORMAT = dwarf;
				ENABLE_STRICT_OBJC_MSGSEND = YES;
				ENABLE_TESTABILITY = YES;
				ENABLE_USER_SCRIPT_SANDBOXING = YES;
				GCC_C_LANGUAGE_STANDARD = gnu17;
				GCC_DYNAMIC_NO_PIC = NO;
				GCC_NO_COMMON_BLOCKS = YES;
				GCC_OPTIMIZATION_LEVEL = 0;
				GCC_PREPROCESSOR_DEFINITIONS = (
					"DEBUG=1",
					"$(inherited)",
				);
				GCC_WARN_64_TO_32_BIT_CONVERSION = YES;
				GCC_WARN_ABOUT_RETURN_TYPE = YES_ERROR;
				GCC_WARN_UNDECLARED_SELECTOR = YES;
				GCC_WARN_UNINITIALIZED_AUTOS = YES_AGGRESSIVE;
				GCC_WARN_UNUSED_FUNCTION = YES;
				GCC_WARN_UNUSED_VARIABLE = YES;
				IPHONEOS_DEPLOYMENT_TARGET = 17.5;
				LOCALIZATION_PREFERS_STRING_CATALOGS = YES;
				MTL_ENABLE_DEBUG_INFO = INCLUDE_SOURCE;
				MTL_FAST_MATH = YES;
				ONLY_ACTIVE_ARCH = YES;
				SDKROOT = iphoneos;
				SWIFT_ACTIVE_COMPILATION_CONDITIONS = "DEBUG $(inherited)";
				SWIFT_OPTIMIZATION_LEVEL = "-Onone";
			};
			name = Debug;
		};
		5D70094C2CACCEE300149A65 /* Release */ = {
			isa = XCBuildConfiguration;
			buildSettings = {
				ALWAYS_SEARCH_USER_PATHS = NO;
				ASSETCATALOG_COMPILER_GENERATE_SWIFT_ASSET_SYMBOL_EXTENSIONS = YES;
				CLANG_ANALYZER_NONNULL = YES;
				CLANG_ANALYZER_NUMBER_OBJECT_CONVERSION = YES_AGGRESSIVE;
				CLANG_CXX_LANGUAGE_STANDARD = "gnu++20";
				CLANG_ENABLE_MODULES = YES;
				CLANG_ENABLE_OBJC_ARC = YES;
				CLANG_ENABLE_OBJC_WEAK = YES;
				CLANG_WARN_BLOCK_CAPTURE_AUTORELEASING = YES;
				CLANG_WARN_BOOL_CONVERSION = YES;
				CLANG_WARN_COMMA = YES;
				CLANG_WARN_CONSTANT_CONVERSION = YES;
				CLANG_WARN_DEPRECATED_OBJC_IMPLEMENTATIONS = YES;
				CLANG_WARN_DIRECT_OBJC_ISA_USAGE = YES_ERROR;
				CLANG_WARN_DOCUMENTATION_COMMENTS = YES;
				CLANG_WARN_EMPTY_BODY = YES;
				CLANG_WARN_ENUM_CONVERSION = YES;
				CLANG_WARN_INFINITE_RECURSION = YES;
				CLANG_WARN_INT_CONVERSION = YES;
				CLANG_WARN_NON_LITERAL_NULL_CONVERSION = YES;
				CLANG_WARN_OBJC_IMPLICIT_RETAIN_SELF = YES;
				CLANG_WARN_OBJC_LITERAL_CONVERSION = YES;
				CLANG_WARN_OBJC_ROOT_CLASS = YES_ERROR;
				CLANG_WARN_QUOTED_INCLUDE_IN_FRAMEWORK_HEADER = YES;
				CLANG_WARN_RANGE_LOOP_ANALYSIS = YES;
				CLANG_WARN_STRICT_PROTOTYPES = YES;
				CLANG_WARN_SUSPICIOUS_MOVE = YES;
				CLANG_WARN_UNGUARDED_AVAILABILITY = YES_AGGRESSIVE;
				CLANG_WARN_UNREACHABLE_CODE = YES;
				CLANG_WARN__DUPLICATE_METHOD_MATCH = YES;
				COPY_PHASE_STRIP = NO;
				DEBUG_INFORMATION_FORMAT = "dwarf-with-dsym";
				ENABLE_NS_ASSERTIONS = NO;
				ENABLE_STRICT_OBJC_MSGSEND = YES;
				ENABLE_USER_SCRIPT_SANDBOXING = YES;
				GCC_C_LANGUAGE_STANDARD = gnu17;
				GCC_NO_COMMON_BLOCKS = YES;
				GCC_WARN_64_TO_32_BIT_CONVERSION = YES;
				GCC_WARN_ABOUT_RETURN_TYPE = YES_ERROR;
				GCC_WARN_UNDECLARED_SELECTOR = YES;
				GCC_WARN_UNINITIALIZED_AUTOS = YES_AGGRESSIVE;
				GCC_WARN_UNUSED_FUNCTION = YES;
				GCC_WARN_UNUSED_VARIABLE = YES;
				IPHONEOS_DEPLOYMENT_TARGET = 17.5;
				LOCALIZATION_PREFERS_STRING_CATALOGS = YES;
				MTL_ENABLE_DEBUG_INFO = NO;
				MTL_FAST_MATH = YES;
				SDKROOT = iphoneos;
				SWIFT_COMPILATION_MODE = wholemodule;
				VALIDATE_PRODUCT = YES;
			};
			name = Release;
		};
		5D70094E2CACCEE300149A65 /* Debug */ = {
			isa = XCBuildConfiguration;
			buildSettings = {
				ASSETCATALOG_COMPILER_APPICON_NAME = AppIcon;
				ASSETCATALOG_COMPILER_GLOBAL_ACCENT_COLOR_NAME = AccentColor;
				CODE_SIGN_STYLE = Automatic;
				CURRENT_PROJECT_VERSION = 1;
				DEVELOPMENT_TEAM = G9YFLZDMRH;
				GENERATE_INFOPLIST_FILE = YES;
				INFOPLIST_FILE = GitHubPushData/Info.plist;
				INFOPLIST_KEY_UIApplicationSupportsIndirectInputEvents = YES;
				INFOPLIST_KEY_UILaunchStoryboardName = LaunchScreen;
				INFOPLIST_KEY_UIMainStoryboardFile = Main;
				INFOPLIST_KEY_UISupportedInterfaceOrientations_iPad = "UIInterfaceOrientationPortrait UIInterfaceOrientationPortraitUpsideDown UIInterfaceOrientationLandscapeLeft UIInterfaceOrientationLandscapeRight";
				INFOPLIST_KEY_UISupportedInterfaceOrientations_iPhone = "UIInterfaceOrientationPortrait UIInterfaceOrientationLandscapeLeft UIInterfaceOrientationLandscapeRight";
				LD_RUNPATH_SEARCH_PATHS = (
					"$(inherited)",
					"@executable_path/Frameworks",
				);
				MARKETING_VERSION = 1.0;
				PRODUCT_BUNDLE_IDENTIFIER = "palashiosdeveloper-gmail.com.GitHubPushData";
				PRODUCT_NAME = "$(TARGET_NAME)";
				SWIFT_EMIT_LOC_STRINGS = YES;
				SWIFT_VERSION = 5.0;
				TARGETED_DEVICE_FAMILY = "1,2";
			};
			name = Debug;
		};
		5D70094F2CACCEE300149A65 /* Release */ = {
			isa = XCBuildConfiguration;
			buildSettings = {
				ASSETCATALOG_COMPILER_APPICON_NAME = AppIcon;
				ASSETCATALOG_COMPILER_GLOBAL_ACCENT_COLOR_NAME = AccentColor;
				CODE_SIGN_STYLE = Automatic;
				CURRENT_PROJECT_VERSION = 1;
				DEVELOPMENT_TEAM = G9YFLZDMRH;
				GENERATE_INFOPLIST_FILE = YES;
				INFOPLIST_FILE = GitHubPushData/Info.plist;
				INFOPLIST_KEY_UIApplicationSupportsIndirectInputEvents = YES;
				INFOPLIST_KEY_UILaunchStoryboardName = LaunchScreen;
				INFOPLIST_KEY_UIMainStoryboardFile = Main;
				INFOPLIST_KEY_UISupportedInterfaceOrientations_iPad = "UIInterfaceOrientationPortrait UIInterfaceOrientationPortraitUpsideDown UIInterfaceOrientationLandscapeLeft UIInterfaceOrientationLandscapeRight";
				INFOPLIST_KEY_UISupportedInterfaceOrientations_iPhone = "UIInterfaceOrientationPortrait UIInterfaceOrientationLandscapeLeft UIInterfaceOrientationLandscapeRight";
				LD_RUNPATH_SEARCH_PATHS = (
					"$(inherited)",
					"@executable_path/Frameworks",
				);
				MARKETING_VERSION = 1.0;
				PRODUCT_BUNDLE_IDENTIFIER = "palashiosdeveloper-gmail.com.GitHubPushData";
				PRODUCT_NAME = "$(TARGET_NAME)";
				SWIFT_EMIT_LOC_STRINGS = YES;
				SWIFT_VERSION = 5.0;
				TARGETED_DEVICE_FAMILY = "1,2";
			};
			name = Release;
		};
		5D7009512CACCEE300149A65 /* Debug */ = {
			isa = XCBuildConfiguration;
			buildSettings = {
				ALWAYS_EMBED_SWIFT_STANDARD_LIBRARIES = YES;
				BUNDLE_LOADER = "$(TEST_HOST)";
				CODE_SIGN_STYLE = Automatic;
				CURRENT_PROJECT_VERSION = 1;
				DEVELOPMENT_TEAM = G9YFLZDMRH;
				GENERATE_INFOPLIST_FILE = YES;
				IPHONEOS_DEPLOYMENT_TARGET = 17.5;
				MARKETING_VERSION = 1.0;
				PRODUCT_BUNDLE_IDENTIFIER = "palashiosdeveloper-gmail.com.GitHubPushDataTests";
				PRODUCT_NAME = "$(TARGET_NAME)";
				SWIFT_EMIT_LOC_STRINGS = NO;
				SWIFT_VERSION = 5.0;
				TARGETED_DEVICE_FAMILY = "1,2";
				TEST_HOST = "$(BUILT_PRODUCTS_DIR)/GitHubPushData.app/$(BUNDLE_EXECUTABLE_FOLDER_PATH)/GitHubPushData";
			};
			name = Debug;
		};
		5D7009522CACCEE300149A65 /* Release */ = {
			isa = XCBuildConfiguration;
			buildSettings = {
				ALWAYS_EMBED_SWIFT_STANDARD_LIBRARIES = YES;
				BUNDLE_LOADER = "$(TEST_HOST)";
				CODE_SIGN_STYLE = Automatic;
				CURRENT_PROJECT_VERSION = 1;
				DEVELOPMENT_TEAM = G9YFLZDMRH;
				GENERATE_INFOPLIST_FILE = YES;
				IPHONEOS_DEPLOYMENT_TARGET = 17.5;
				MARKETING_VERSION = 1.0;
				PRODUCT_BUNDLE_IDENTIFIER = "palashiosdeveloper-gmail.com.GitHubPushDataTests";
				PRODUCT_NAME = "$(TARGET_NAME)";
				SWIFT_EMIT_LOC_STRINGS = NO;
				SWIFT_VERSION = 5.0;
				TARGETED_DEVICE_FAMILY = "1,2";
				TEST_HOST = "$(BUILT_PRODUCTS_DIR)/GitHubPushData.app/$(BUNDLE_EXECUTABLE_FOLDER_PATH)/GitHubPushData";
			};
			name = Release;
		};
		5D7009542CACCEE300149A65 /* Debug */ = {
			isa = XCBuildConfiguration;
			buildSettings = {
				ALWAYS_EMBED_SWIFT_STANDARD_LIBRARIES = YES;
				CODE_SIGN_STYLE = Automatic;
				CURRENT_PROJECT_VERSION = 1;
				DEVELOPMENT_TEAM = G9YFLZDMRH;
				GENERATE_INFOPLIST_FILE = YES;
				MARKETING_VERSION = 1.0;
				PRODUCT_BUNDLE_IDENTIFIER = "palashiosdeveloper-gmail.com.GitHubPushDataUITests";
				PRODUCT_NAME = "$(TARGET_NAME)";
				SWIFT_EMIT_LOC_STRINGS = NO;
				SWIFT_VERSION = 5.0;
				TARGETED_DEVICE_FAMILY = "1,2";
				TEST_TARGET_NAME = GitHubPushData;
			};
			name = Debug;
		};
		5D7009552CACCEE300149A65 /* Release */ = {
			isa = XCBuildConfiguration;
			buildSettings = {
				ALWAYS_EMBED_SWIFT_STANDARD_LIBRARIES = YES;
				CODE_SIGN_STYLE = Automatic;
				CURRENT_PROJECT_VERSION = 1;
				DEVELOPMENT_TEAM = G9YFLZDMRH;
				GENERATE_INFOPLIST_FILE = YES;
				MARKETING_VERSION = 1.0;
				PRODUCT_BUNDLE_IDENTIFIER = "palashiosdeveloper-gmail.com.GitHubPushDataUITests";
				PRODUCT_NAME = "$(TARGET_NAME)";
				SWIFT_EMIT_LOC_STRINGS = NO;
				SWIFT_VERSION = 5.0;
				TARGETED_DEVICE_FAMILY = "1,2";
				TEST_TARGET_NAME = GitHubPushData;
			};
			name = Release;
		};
/* End XCBuildConfiguration section */

/* Begin XCConfigurationList section */
		5D70091E2CACCEE100149A65 /* Build configuration list for PBXProject "GitHubPushData" */ = {
			isa = XCConfigurationList;
			buildConfigurations = (
				5D70094B2CACCEE300149A65 /* Debug */,
				5D70094C2CACCEE300149A65 /* Release */,
			);
			defaultConfigurationIsVisible = 0;
			defaultConfigurationName = Release;
		};
		5D70094D2CACCEE300149A65 /* Build configuration list for PBXNativeTarget "GitHubPushData" */ = {
			isa = XCConfigurationList;
			buildConfigurations = (
				5D70094E2CACCEE300149A65 /* Debug */,
				5D70094F2CACCEE300149A65 /* Release */,
			);
			defaultConfigurationIsVisible = 0;
			defaultConfigurationName = Release;
		};
		5D7009502CACCEE300149A65 /* Build configuration list for PBXNativeTarget "GitHubPushDataTests" */ = {
			isa = XCConfigurationList;
			buildConfigurations = (
				5D7009512CACCEE300149A65 /* Debug */,
				5D7009522CACCEE300149A65 /* Release */,
			);
			defaultConfigurationIsVisible = 0;
			defaultConfigurationName = Release;
		};
		5D7009532CACCEE300149A65 /* Build configuration list for PBXNativeTarget "GitHubPushDataUITests" */ = {
			isa = XCConfigurationList;
			buildConfigurations = (
				5D7009542CACCEE300149A65 /* Debug */,
				5D7009552CACCEE300149A65 /* Release */,
			);
			defaultConfigurationIsVisible = 0;
			defaultConfigurationName = Release;
		};
/* End XCConfigurationList section */
	};
	rootObject = 5D70091B2CACCEE100149A65 /* Project object */;
}
